
Microsoft Visual Studio Solution File, Format Version 12.00
# Visual Studio Version 17
VisualStudioVersion = 17.14.36705.20 d17.14
MinimumVisualStudioVersion = 10.0.40219.1
Project("{FAE04EC0-301F-11D3-BF4B-00C04F79EFBC}") = "ClanBattleGame", "ClanBattleGame\ClanBattleGame.csproj", "{137CFB09-570E-4DA3-A1B4-A6CBDB0A05A8}"
EndProject
Global
	GlobalSection(SolutionConfigurationPlatforms) = preSolution
		Debug|Any CPU = Debug|Any CPU
		Release|Any CPU = Release|Any CPU
	EndGlobalSection
	GlobalSection(ProjectConfigurationPlatforms) = postSolution
		{137CFB09-570E-4DA3-A1B4-A6CBDB0A05A8}.Debug|Any CPU.ActiveCfg = Debug|Any CPU
		{137CFB09-570E-4DA3-A1B4-A6CBDB0A05A8}.Debug|Any CPU.Build.0 = Debug|Any CPU
		{137CFB09-570E-4DA3-A1B4-A6CBDB0A05A8}.Release|Any CPU.ActiveCfg = Release|Any CPU
		{137CFB09-570E-4DA3-A1B4-A6CBDB0A05A8}.Release|Any CPU.Build.0 = Release|Any CPU
	EndGlobalSection
	GlobalSection(SolutionProperties) = preSolution
		HideSolutionNode = FALSE
	EndGlobalSection
	GlobalSection(ExtensibilityGlobals) = postSolution
		SolutionGuid = {6D769D07-3A1C-4A88-8DF7-50B9440E763B}
	EndGlobalSection
EndGlobal
